
Microsoft Visual Studio Solution File, Format Version 12.00
# Visual Studio Version 16
VisualStudioVersion = 16.0.30523.141
MinimumVisualStudioVersion = 10.0.40219.1
Project("{8BC9CEB8-8B4A-11D0-8D11-00A0C91BC942}") = "SubZeroLoader", "SubZeroLoader\SubZeroLoader.vcxproj", "{EE1FAA70-0892-485D-A0C5-EADA0A6203D8}"
EndProject
Project("{8BC9CEB8-8B4A-11D0-8D11-00A0C91BC942}") = "SubZeroDLL", "SubZeroDLL\SubZeroDLL.vcxproj", "{88537005-1F0F-4168-9637-72AEE675B602}"
EndProject
Project("{8BC9CEB8-8B4A-11D0-8D11-00A0C91BC942}") = "SubZeroDriver", "SubZeroDriver\SubZero.vcxproj", "{1FC63597-5DE0-4A54-989D-2BC2142FDF35}"
EndProject
Project("{8BC9CEB8-8B4A-11D0-8D11-00A0C91BC942}") = "SubZeroUtils", "SubZeroUtils\SubZeroUtils.vcxproj", "{B77E044A-5D33-466A-BD27-220A62DBFF82}"
EndProject
Project("{8BC9CEB8-8B4A-11D0-8D11-00A0C91BC942}") = "DSEFix", "DSEFix\DSEFix.vcxproj", "{0BE31C3E-BEC2-466A-96D4-DB232E3F653D}"
EndProject
Project("{8BC9CEB8-8B4A-11D0-8D11-00A0C91BC942}") = "SubZeroCleanup", "SubZeroCleanup\SubZeroCleanup.vcxproj", "{36DC3AA2-5C79-492D-8990-E57F0FA10FB5}"
EndProject
Project("{8BC9CEB8-8B4A-11D0-8D11-00A0C91BC942}") = "KernelPISCreator", "KernelPISCreator\KernelPISCreator.vcxproj", "{748FFD04-1EA5-42B6-A4A8-2487A76BDDD0}"
EndProject
Project("{8BC9CEB8-8B4A-11D0-8D11-00A0C91BC942}") = "SubZeroReflectivleyLoadedDLL", "SubZeroReflectivleyLoadedDLL\SubZeroReflectivleyLoadedDLL.vcxproj", "{DA9073AA-7503-4A70-9A46-4872899BE02F}"
EndProject
Global
	GlobalSection(SolutionConfigurationPlatforms) = preSolution
		Debug|ARM = Debug|ARM
		Debug|ARM64 = Debug|ARM64
		Debug|x64 = Debug|x64
		Debug|x86 = Debug|x86
		Release|ARM = Release|ARM
		Release|ARM64 = Release|ARM64
		Release|x64 = Release|x64
		Release|x86 = Release|x86
	EndGlobalSection
	GlobalSection(ProjectConfigurationPlatforms) = postSolution
		{EE1FAA70-0892-485D-A0C5-EADA0A6203D8}.Debug|ARM.ActiveCfg = Debug|Win32
		{EE1FAA70-0892-485D-A0C5-EADA0A6203D8}.Debug|ARM64.ActiveCfg = Debug|Win32
		{EE1FAA70-0892-485D-A0C5-EADA0A6203D8}.Debug|x64.ActiveCfg = Debug|x64
		{EE1FAA70-0892-485D-A0C5-EADA0A6203D8}.Debug|x64.Build.0 = Debug|x64
		{EE1FAA70-0892-485D-A0C5-EADA0A6203D8}.Debug|x86.ActiveCfg = Debug|Win32
		{EE1FAA70-0892-485D-A0C5-EADA0A6203D8}.Debug|x86.Build.0 = Debug|Win32
		{EE1FAA70-0892-485D-A0C5-EADA0A6203D8}.Release|ARM.ActiveCfg = Release|Win32
		{EE1FAA70-0892-485D-A0C5-EADA0A6203D8}.Release|ARM64.ActiveCfg = Release|Win32
		{EE1FAA70-0892-485D-A0C5-EADA0A6203D8}.Release|x64.ActiveCfg = Release|x64
		{EE1FAA70-0892-485D-A0C5-EADA0A6203D8}.Release|x64.Build.0 = Release|x64
		{EE1FAA70-0892-485D-A0C5-EADA0A6203D8}.Release|x86.ActiveCfg = Release|Win32
		{EE1FAA70-0892-485D-A0C5-EADA0A6203D8}.Release|x86.Build.0 = Release|Win32
		{88537005-1F0F-4168-9637-72AEE675B602}.Debug|ARM.ActiveCfg = Debug|Win32
		{88537005-1F0F-4168-9637-72AEE675B602}.Debug|ARM64.ActiveCfg = Debug|Win32
		{88537005-1F0F-4168-9637-72AEE675B602}.Debug|x64.ActiveCfg = Debug|x64
		{88537005-1F0F-4168-9637-72AEE675B602}.Debug|x64.Build.0 = Debug|x64
		{88537005-1F0F-4168-9637-72AEE675B602}.Debug|x86.ActiveCfg = Debug|Win32
		{88537005-1F0F-4168-9637-72AEE675B602}.Debug|x86.Build.0 = Debug|Win32
		{88537005-1F0F-4168-9637-72AEE675B602}.Release|ARM.ActiveCfg = Release|Win32
		{88537005-1F0F-4168-9637-72AEE675B602}.Release|ARM64.ActiveCfg = Release|Win32
		{88537005-1F0F-4168-9637-72AEE675B602}.Release|x64.ActiveCfg = Release|x64
		{88537005-1F0F-4168-9637-72AEE675B602}.Release|x64.Build.0 = Release|x64
		{88537005-1F0F-4168-9637-72AEE675B602}.Release|x86.ActiveCfg = Release|Win32
		{88537005-1F0F-4168-9637-72AEE675B602}.Release|x86.Build.0 = Release|Win32
		{1FC63597-5DE0-4A54-989D-2BC2142FDF35}.Debug|ARM.ActiveCfg = Debug|ARM
		{1FC63597-5DE0-4A54-989D-2BC2142FDF35}.Debug|ARM.Build.0 = Debug|ARM
		{1FC63597-5DE0-4A54-989D-2BC2142FDF35}.Debug|ARM.Deploy.0 = Debug|ARM
		{1FC63597-5DE0-4A54-989D-2BC2142FDF35}.Debug|ARM64.ActiveCfg = Debug|ARM64
		{1FC63597-5DE0-4A54-989D-2BC2142FDF35}.Debug|ARM64.Build.0 = Debug|ARM64
		{1FC63597-5DE0-4A54-989D-2BC2142FDF35}.Debug|ARM64.Deploy.0 = Debug|ARM64
		{1FC63597-5DE0-4A54-989D-2BC2142FDF35}.Debug|x64.ActiveCfg = Debug|x64
		{1FC63597-5DE0-4A54-989D-2BC2142FDF35}.Debug|x64.Build.0 = Debug|x64
		{1FC63597-5DE0-4A54-989D-2BC2142FDF35}.Debug|x64.Deploy.0 = Debug|x64
		{1FC63597-5DE0-4A54-989D-2BC2142FDF35}.Debug|x86.ActiveCfg = Debug|Win32
		{1FC63597-5DE0-4A54-989D-2BC2142FDF35}.Debug|x86.Build.0 = Debug|Win32
		{1FC63597-5DE0-4A54-989D-2BC2142FDF35}.Debug|x86.Deploy.0 = Debug|Win32
		{1FC63597-5DE0-4A54-989D-2BC2142FDF35}.Release|ARM.ActiveCfg = Release|ARM
		{1FC63597-5DE0-4A54-989D-2BC2142FDF35}.Release|ARM.Build.0 = Release|ARM
		{1FC63597-5DE0-4A54-989D-2BC2142FDF35}.Release|ARM.Deploy.0 = Release|ARM
		{1FC63597-5DE0-4A54-989D-2BC2142FDF35}.Release|ARM64.ActiveCfg = Release|ARM64
		{1FC63597-5DE0-4A54-989D-2BC2142FDF35}.Release|ARM64.Build.0 = Release|ARM64
		{1FC63597-5DE0-4A54-989D-2BC2142FDF35}.Release|ARM64.Deploy.0 = Release|ARM64
		{1FC63597-5DE0-4A54-989D-2BC2142FDF35}.Release|x64.ActiveCfg = Release|x64
		{1FC63597-5DE0-4A54-989D-2BC2142FDF35}.Release|x64.Build.0 = Release|x64
		{1FC63597-5DE0-4A54-989D-2BC2142FDF35}.Release|x64.Deploy.0 = Release|x64
		{1FC63597-5DE0-4A54-989D-2BC2142FDF35}.Release|x86.ActiveCfg = Release|Win32
		{1FC63597-5DE0-4A54-989D-2BC2142FDF35}.Release|x86.Build.0 = Release|Win32
		{1FC63597-5DE0-4A54-989D-2BC2142FDF35}.Release|x86.Deploy.0 = Release|Win32
		{B77E044A-5D33-466A-BD27-220A62DBFF82}.Debug|ARM.ActiveCfg = Debug|Win32
		{B77E044A-5D33-466A-BD27-220A62DBFF82}.Debug|ARM64.ActiveCfg = Debug|Win32
		{B77E044A-5D33-466A-BD27-220A62DBFF82}.Debug|x64.ActiveCfg = Debug|x64
		{B77E044A-5D33-466A-BD27-220A62DBFF82}.Debug|x64.Build.0 = Debug|x64
		{B77E044A-5D33-466A-BD27-220A62DBFF82}.Debug|x86.ActiveCfg = Debug|Win32
		{B77E044A-5D33-466A-BD27-220A62DBFF82}.Debug|x86.Build.0 = Debug|Win32
		{B77E044A-5D33-466A-BD27-220A62DBFF82}.Release|ARM.ActiveCfg = Release|Win32
		{B77E044A-5D33-466A-BD27-220A62DBFF82}.Release|ARM64.ActiveCfg = Release|Win32
		{B77E044A-5D33-466A-BD27-220A62DBFF82}.Release|x64.ActiveCfg = Release|x64
		{B77E044A-5D33-466A-BD27-220A62DBFF82}.Release|x64.Build.0 = Release|x64
		{B77E044A-5D33-466A-BD27-220A62DBFF82}.Release|x86.ActiveCfg = Release|Win32
		{B77E044A-5D33-466A-BD27-220A62DBFF82}.Release|x86.Build.0 = Release|Win32
		{0BE31C3E-BEC2-466A-96D4-DB232E3F653D}.Debug|ARM.ActiveCfg = Debug|Win32
		{0BE31C3E-BEC2-466A-96D4-DB232E3F653D}.Debug|ARM64.ActiveCfg = Debug|Win32
		{0BE31C3E-BEC2-466A-96D4-DB232E3F653D}.Debug|x64.ActiveCfg = Debug|x64
		{0BE31C3E-BEC2-466A-96D4-DB232E3F653D}.Debug|x64.Build.0 = Debug|x64
		{0BE31C3E-BEC2-466A-96D4-DB232E3F653D}.Debug|x86.ActiveCfg = Debug|Win32
		{0BE31C3E-BEC2-466A-96D4-DB232E3F653D}.Debug|x86.Build.0 = Debug|Win32
		{0BE31C3E-BEC2-466A-96D4-DB232E3F653D}.Release|ARM.ActiveCfg = Release|Win32
		{0BE31C3E-BEC2-466A-96D4-DB232E3F653D}.Release|ARM64.ActiveCfg = Release|Win32
		{0BE31C3E-BEC2-466A-96D4-DB232E3F653D}.Release|x64.ActiveCfg = Release|x64
		{0BE31C3E-BEC2-466A-96D4-DB232E3F653D}.Release|x64.Build.0 = Release|x64
		{0BE31C3E-BEC2-466A-96D4-DB232E3F653D}.Release|x86.ActiveCfg = Release|Win32
		{0BE31C3E-BEC2-466A-96D4-DB232E3F653D}.Release|x86.Build.0 = Release|Win32
		{36DC3AA2-5C79-492D-8990-E57F0FA10FB5}.Debug|ARM.ActiveCfg = Debug|Win32
		{36DC3AA2-5C79-492D-8990-E57F0FA10FB5}.Debug|ARM64.ActiveCfg = Debug|Win32
		{36DC3AA2-5C79-492D-8990-E57F0FA10FB5}.Debug|x64.ActiveCfg = Debug|x64
		{36DC3AA2-5C79-492D-8990-E57F0FA10FB5}.Debug|x64.Build.0 = Debug|x64
		{36DC3AA2-5C79-492D-8990-E57F0FA10FB5}.Debug|x86.ActiveCfg = Debug|Win32
		{36DC3AA2-5C79-492D-8990-E57F0FA10FB5}.Debug|x86.Build.0 = Debug|Win32
		{36DC3AA2-5C79-492D-8990-E57F0FA10FB5}.Release|ARM.ActiveCfg = Release|Win32
		{36DC3AA2-5C79-492D-8990-E57F0FA10FB5}.Release|ARM64.ActiveCfg = Release|Win32
		{36DC3AA2-5C79-492D-8990-E57F0FA10FB5}.Release|x64.ActiveCfg = Release|x64
		{36DC3AA2-5C79-492D-8990-E57F0FA10FB5}.Release|x64.Build.0 = Release|x64
		{36DC3AA2-5C79-492D-8990-E57F0FA10FB5}.Release|x86.ActiveCfg = Release|Win32
		{36DC3AA2-5C79-492D-8990-E57F0FA10FB5}.Release|x86.Build.0 = Release|Win32
		{748FFD04-1EA5-42B6-A4A8-2487A76BDDD0}.Debug|ARM.ActiveCfg = Debug|ARM
		{748FFD04-1EA5-42B6-A4A8-2487A76BDDD0}.Debug|ARM.Build.0 = Debug|ARM
		{748FFD04-1EA5-42B6-A4A8-2487A76BDDD0}.Debug|ARM.Deploy.0 = Debug|ARM
		{748FFD04-1EA5-42B6-A4A8-2487A76BDDD0}.Debug|ARM64.ActiveCfg = Debug|ARM64
		{748FFD04-1EA5-42B6-A4A8-2487A76BDDD0}.Debug|ARM64.Build.0 = Debug|ARM64
		{748FFD04-1EA5-42B6-A4A8-2487A76BDDD0}.Debug|ARM64.Deploy.0 = Debug|ARM64
		{748FFD04-1EA5-42B6-A4A8-2487A76BDDD0}.Debug|x64.ActiveCfg = Debug|x64
		{748FFD04-1EA5-42B6-A4A8-2487A76BDDD0}.Debug|x64.Build.0 = Debug|x64
		{748FFD04-1EA5-42B6-A4A8-2487A76BDDD0}.Debug|x64.Deploy.0 = Debug|x64
		{748FFD04-1EA5-42B6-A4A8-2487A76BDDD0}.Debug|x86.ActiveCfg = Debug|Win32
		{748FFD04-1EA5-42B6-A4A8-2487A76BDDD0}.Debug|x86.Build.0 = Debug|Win32
		{748FFD04-1EA5-42B6-A4A8-2487A76BDDD0}.Debug|x86.Deploy.0 = Debug|Win32
		{748FFD04-1EA5-42B6-A4A8-2487A76BDDD0}.Release|ARM.ActiveCfg = Release|ARM
		{748FFD04-1EA5-42B6-A4A8-2487A76BDDD0}.Release|ARM.Build.0 = Release|ARM
		{748FFD04-1EA5-42B6-A4A8-2487A76BDDD0}.Release|ARM.Deploy.0 = Release|ARM
		{748FFD04-1EA5-42B6-A4A8-2487A76BDDD0}.Release|ARM64.ActiveCfg = Release|ARM64
		{748FFD04-1EA5-42B6-A4A8-2487A76BDDD0}.Release|ARM64.Build.0 = Release|ARM64
		{748FFD04-1EA5-42B6-A4A8-2487A76BDDD0}.Release|ARM64.Deploy.0 = Release|ARM64
		{748FFD04-1EA5-42B6-A4A8-2487A76BDDD0}.Release|x64.ActiveCfg = Release|x64
		{748FFD04-1EA5-42B6-A4A8-2487A76BDDD0}.Release|x64.Build.0 = Release|x64
		{748FFD04-1EA5-42B6-A4A8-2487A76BDDD0}.Release|x64.Deploy.0 = Release|x64
		{748FFD04-1EA5-42B6-A4A8-2487A76BDDD0}.Release|x86.ActiveCfg = Release|Win32
		{748FFD04-1EA5-42B6-A4A8-2487A76BDDD0}.Release|x86.Build.0 = Release|Win32
		{748FFD04-1EA5-42B6-A4A8-2487A76BDDD0}.Release|x86.Deploy.0 = Release|Win32
		{DA9073AA-7503-4A70-9A46-4872899BE02F}.Debug|ARM.ActiveCfg = Debug|Win32
		{DA9073AA-7503-4A70-9A46-4872899BE02F}.Debug|ARM64.ActiveCfg = Debug|Win32
		{DA9073AA-7503-4A70-9A46-4872899BE02F}.Debug|x64.ActiveCfg = Debug|x64
		{DA9073AA-7503-4A70-9A46-4872899BE02F}.Debug|x64.Build.0 = Debug|x64
		{DA9073AA-7503-4A70-9A46-4872899BE02F}.Debug|x86.ActiveCfg = Debug|Win32
		{DA9073AA-7503-4A70-9A46-4872899BE02F}.Debug|x86.Build.0 = Debug|Win32
		{DA9073AA-7503-4A70-9A46-4872899BE02F}.Release|ARM.ActiveCfg = Release|Win32
		{DA9073AA-7503-4A70-9A46-4872899BE02F}.Release|ARM64.ActiveCfg = Release|Win32
		{DA9073AA-7503-4A70-9A46-4872899BE02F}.Release|x64.ActiveCfg = Release|x64
		{DA9073AA-7503-4A70-9A46-4872899BE02F}.Release|x64.Build.0 = Release|x64
		{DA9073AA-7503-4A70-9A46-4872899BE02F}.Release|x86.ActiveCfg = Release|Win32
		{DA9073AA-7503-4A70-9A46-4872899BE02F}.Release|x86.Build.0 = Release|Win32
	EndGlobalSection
	GlobalSection(SolutionProperties) = preSolution
		HideSolutionNode = FALSE
	EndGlobalSection
	GlobalSection(ExtensibilityGlobals) = postSolution
		SolutionGuid = {20C73228-ADD1-4260-800F-95AE4725CDE2}
	EndGlobalSection
EndGlobal
